Microsoft Visual Studio Solution File, Format Version 12.00
# Visual Studio Version 17
VisualStudioVersion = 17.5.2.0
MinimumVisualStudioVersion = 10.0.40219.1
Project("{FAE04EC0-301F-11D3-BF4B-00C04F79EFBC}") = "DRPGServer", "DRPGServer.csproj", "{1880E27C-868E-2300-54BF-2BE6E704050A}"
EndProject
Global
	GlobalSection(SolutionConfigurationPlatforms) = preSolution
		Debug|Any CPU = Debug|Any CPU
		Release|Any CPU = Release|Any CPU
	EndGlobalSection
	GlobalSection(ProjectConfigurationPlatforms) = postSolution
		{1880E27C-868E-2300-54BF-2BE6E704050A}.Debug|Any CPU.ActiveCfg = Debug|Any CPU
		{1880E27C-868E-2300-54BF-2BE6E704050A}.Debug|Any CPU.Build.0 = Debug|Any CPU
		{1880E27C-868E-2300-54BF-2BE6E704050A}.Release|Any CPU.ActiveCfg = Release|Any CPU
		{1880E27C-868E-2300-54BF-2BE6E704050A}.Release|Any CPU.Build.0 = Release|Any CPU
	EndGlobalSection
	GlobalSection(SolutionProperties) = preSolution
		HideSolutionNode = FALSE
	EndGlobalSection
	GlobalSection(ExtensibilityGlobals) = postSolution
		SolutionGuid = {F8C049BD-53FC-42E6-AAA6-029745AFC330}
	EndGlobalSection
EndGlobal
